
Microsoft Visual Studio Solution File, Format Version 12.00
# Visual Studio 15
VisualStudioVersion = 15.0.28307.329
MinimumVisualStudioVersion = 10.0.40219.1
Project("{FAE04EC0-301F-11D3-BF4B-00C04F79EFBC}") = "MyPacketCapturer", "MyPacketCapturer\MyPacketCapturer.csproj", "{EB70E628-827B-4B4E-B505-3AA205EF08F4}"
EndProject
Global
	GlobalSection(SolutionConfigurationPlatforms) = preSolution
		Debug|Any CPU = Debug|Any CPU
		Release|Any CPU = Release|Any CPU
	EndGlobalSection
	GlobalSection(ProjectConfigurationPlatforms) = postSolution
		{EB70E628-827B-4B4E-B505-3AA205EF08F4}.Debug|Any CPU.ActiveCfg = Debug|Any CPU
		{EB70E628-827B-4B4E-B505-3AA205EF08F4}.Debug|Any CPU.Build.0 = Debug|Any CPU
		{EB70E628-827B-4B4E-B505-3AA205EF08F4}.Release|Any CPU.ActiveCfg = Release|Any CPU
		{EB70E628-827B-4B4E-B505-3AA205EF08F4}.Release|Any CPU.Build.0 = Release|Any CPU
	EndGlobalSection
	GlobalSection(SolutionProperties) = preSolution
		HideSolutionNode = FALSE
	EndGlobalSection
	GlobalSection(ExtensibilityGlobals) = postSolution
		SolutionGuid = {E60B7116-C396-44EC-8AA6-31BA43448B6C}
	EndGlobalSection
EndGlobal
